
Microsoft Visual Studio Solution File, Format Version 12.00
# Visual Studio Version 17
VisualStudioVersion = 17.10.35013.160
MinimumVisualStudioVersion = 10.0.40219.1
Project("{FAE04EC0-301F-11D3-BF4B-00C04F79EFBC}") = "PNServer_WS", "PNServer_WS\PNServer_WS.csproj", "{0F385312-A5D7-4C70-BE4E-816A909C2683}"
EndProject
Global
	GlobalSection(SolutionConfigurationPlatforms) = preSolution
		Debug|Any CPU = Debug|Any CPU
		Release|Any CPU = Release|Any CPU
	EndGlobalSection
	GlobalSection(ProjectConfigurationPlatforms) = postSolution
		{0F385312-A5D7-4C70-BE4E-816A909C2683}.Debug|Any CPU.ActiveCfg = Debug|Any CPU
		{0F385312-A5D7-4C70-BE4E-816A909C2683}.Debug|Any CPU.Build.0 = Debug|Any CPU
		{0F385312-A5D7-4C70-BE4E-816A909C2683}.Release|Any CPU.ActiveCfg = Release|Any CPU
		{0F385312-A5D7-4C70-BE4E-816A909C2683}.Release|Any CPU.Build.0 = Release|Any CPU
	EndGlobalSection
	GlobalSection(SolutionProperties) = preSolution
		HideSolutionNode = FALSE
	EndGlobalSection
	GlobalSection(ExtensibilityGlobals) = postSolution
		SolutionGuid = {B95F3FF1-402F-4DD8-BDC7-16E2F4A91CFB}
	EndGlobalSection
EndGlobal
